// !$*UTF8*$!
{
	archiveVersion = 1;
	classes = {
	};
	objectVersion = 50;
	objects = {

/* Begin PBXBuildFile section */
		BB59223722F1BAB7007E6ADF /* AppDelegate.swift in Sources */ = {isa = PBXBuildFile; fileRef = BB59223622F1BAB7007E6ADF /* AppDelegate.swift */; };
		BB59223C22F1BAB7007E6ADF /* Main.storyboard in Resources */ = {isa = PBXBuildFile; fileRef = BB59223A22F1BAB7007E6ADF /* Main.storyboard */; };
		BB59223E22F1BAB9007E6ADF /* Assets.xcassets in Resources */ = {isa = PBXBuildFile; fileRef = BB59223D22F1BAB9007E6ADF /* Assets.xcassets */; };
		BB59224122F1BAB9007E6ADF /* LaunchScreen.storyboard in Resources */ = {isa = PBXBuildFile; fileRef = BB59223F22F1BAB9007E6ADF /* LaunchScreen.storyboard */; };
		BBC136E522F2E6210004F6DC /* MarvelResponse.swift in Sources */ = {isa = PBXBuildFile; fileRef = BBC136E422F2E6210004F6DC /* MarvelResponse.swift */; };
		BBC136E722F2E65B0004F6DC /* DataResponse.swift in Sources */ = {isa = PBXBuildFile; fileRef = BBC136E622F2E65B0004F6DC /* DataResponse.swift */; };
		BBC136EB22F2E6830004F6DC /* CharacterResponse.swift in Sources */ = {isa = PBXBuildFile; fileRef = BBC136EA22F2E6830004F6DC /* CharacterResponse.swift */; };
		BBC136ED22F2E6C10004F6DC /* CharacterSourceResponse.swift in Sources */ = {isa = PBXBuildFile; fileRef = BBC136EC22F2E6C10004F6DC /* CharacterSourceResponse.swift */; };
		BBC136EF22F2E6D00004F6DC /* Image.swift in Sources */ = {isa = PBXBuildFile; fileRef = BBC136EE22F2E6D00004F6DC /* Image.swift */; };
		BBC136F322F3631C0004F6DC /* MarvelClient.swift in Sources */ = {isa = PBXBuildFile; fileRef = BBC136F222F3631C0004F6DC /* MarvelClient.swift */; };
		BBC136F722F374740004F6DC /* CharactersViewController.swift in Sources */ = {isa = PBXBuildFile; fileRef = BBC136F622F374740004F6DC /* CharactersViewController.swift */; };
		BBC136FA22F3768F0004F6DC /* CharacterCell.swift in Sources */ = {isa = PBXBuildFile; fileRef = BBC136F822F3768F0004F6DC /* CharacterCell.swift */; };
		BBC136FB22F3768F0004F6DC /* CharacterCell.xib in Resources */ = {isa = PBXBuildFile; fileRef = BBC136F922F3768F0004F6DC /* CharacterCell.xib */; };
		BBC136FD22F379F70004F6DC /* CharactersViewController+TableView.swift in Sources */ = {isa = PBXBuildFile; fileRef = BBC136FC22F379F70004F6DC /* CharactersViewController+TableView.swift */; };
		BBC136FF22F380AD0004F6DC /* CharacterDetailsViewController.swift in Sources */ = {isa = PBXBuildFile; fileRef = BBC136FE22F380AD0004F6DC /* CharacterDetailsViewController.swift */; };
		BBC1370122F380C90004F6DC /* SearchViewController.swift in Sources */ = {isa = PBXBuildFile; fileRef = BBC1370022F380C90004F6DC /* SearchViewController.swift */; };
		BBC1370322F38B8F0004F6DC /* SearchViewController+SearchBar.swift in Sources */ = {isa = PBXBuildFile; fileRef = BBC1370222F38B8F0004F6DC /* SearchViewController+SearchBar.swift */; };
		BBC1370522F38BA10004F6DC /* SearchViewController+TableView.swift in Sources */ = {isa = PBXBuildFile; fileRef = BBC1370422F38BA10004F6DC /* SearchViewController+TableView.swift */; };
		BBC1370822F3A1CF0004F6DC /* SearchCell.swift in Sources */ = {isa = PBXBuildFile; fileRef = BBC1370622F3A1CF0004F6DC /* SearchCell.swift */; };
		BBC1370922F3A1CF0004F6DC /* SearchCell.xib in Resources */ = {isa = PBXBuildFile; fileRef = BBC1370722F3A1CF0004F6DC /* SearchCell.xib */; };
		BBC1370B22F3ABE40004F6DC /* CharactersAPIs.swift in Sources */ = {isa = PBXBuildFile; fileRef = BBC1370A22F3ABE40004F6DC /* CharactersAPIs.swift */; };
		BBEF434422F462BC006997C0 /* ActivityIndicator.swift in Sources */ = {isa = PBXBuildFile; fileRef = BBEF434322F462BC006997C0 /* ActivityIndicator.swift */; };
/* End PBXBuildFile section */

/* Begin PBXFileReference section */
		BB59223322F1BAB7007E6ADF /* MarvelHeroes.app */ = {isa = PBXFileReference; explicitFileType = wrapper.application; includeInIndex = 0; path = MarvelHeroes.app; sourceTree = BUILT_PRODUCTS_DIR; };
		BB59223622F1BAB7007E6ADF /* AppDelegate.swift */ = {isa = PBXFileReference; lastKnownFileType = sourcecode.swift; path = AppDelegate.swift; sourceTree = "<group>"; };
		BB59223B22F1BAB7007E6ADF /* Base */ = {isa = PBXFileReference; lastKnownFileType = file.storyboard; name = Base; path = Base.lproj/Main.storyboard; sourceTree = "<group>"; };
		BB59223D22F1BAB9007E6ADF /* Assets.xcassets */ = {isa = PBXFileReference; lastKnownFileType = folder.assetcatalog; path = Assets.xcassets; sourceTree = "<group>"; };
		BB59224022F1BAB9007E6ADF /* Base */ = {isa = PBXFileReference; lastKnownFileType = file.storyboard; name = Base; path = Base.lproj/LaunchScreen.storyboard; sourceTree = "<group>"; };
		BB59224222F1BAB9007E6ADF /* Info.plist */ = {isa = PBXFileReference; lastKnownFileType = text.plist.xml; path = Info.plist; sourceTree = "<group>"; };
		BBC136E422F2E6210004F6DC /* MarvelResponse.swift */ = {isa = PBXFileReference; lastKnownFileType = sourcecode.swift; path = MarvelResponse.swift; sourceTree = "<group>"; };
		BBC136E622F2E65B0004F6DC /* DataResponse.swift */ = {isa = PBXFileReference; lastKnownFileType = sourcecode.swift; path = DataResponse.swift; sourceTree = "<group>"; };
		BBC136EA22F2E6830004F6DC /* CharacterResponse.swift */ = {isa = PBXFileReference; lastKnownFileType = sourcecode.swift; path = CharacterResponse.swift; sourceTree = "<group>"; };
		BBC136EC22F2E6C10004F6DC /* CharacterSourceResponse.swift */ = {isa = PBXFileReference; lastKnownFileType = sourcecode.swift; path = CharacterSourceResponse.swift; sourceTree = "<group>"; };
		BBC136EE22F2E6D00004F6DC /* Image.swift */ = {isa = PBXFileReference; lastKnownFileType = sourcecode.swift; path = Image.swift; sourceTree = "<group>"; };
		BBC136F222F3631C0004F6DC /* MarvelClient.swift */ = {isa = PBXFileReference; lastKnownFileType = sourcecode.swift; path = MarvelClient.swift; sourceTree = "<group>"; };
		BBC136F622F374740004F6DC /* CharactersViewController.swift */ = {isa = PBXFileReference; lastKnownFileType = sourcecode.swift; path = CharactersViewController.swift; sourceTree = "<group>"; };
		BBC136F822F3768F0004F6DC /* CharacterCell.swift */ = {isa = PBXFileReference; lastKnownFileType = sourcecode.swift; path = CharacterCell.swift; sourceTree = "<group>"; };
		BBC136F922F3768F0004F6DC /* CharacterCell.xib */ = {isa = PBXFileReference; lastKnownFileType = file.xib; path = CharacterCell.xib; sourceTree = "<group>"; };
		BBC136FC22F379F70004F6DC /* CharactersViewController+TableView.swift */ = {isa = PBXFileReference; lastKnownFileType = sourcecode.swift; path = "CharactersViewController+TableView.swift"; sourceTree = "<group>"; };
		BBC136FE22F380AD0004F6DC /* CharacterDetailsViewController.swift */ = {isa = PBXFileReference; lastKnownFileType = sourcecode.swift; path = CharacterDetailsViewController.swift; sourceTree = "<group>"; };
		BBC1370022F380C90004F6DC /* SearchViewController.swift */ = {isa = PBXFileReference; lastKnownFileType = sourcecode.swift; path = SearchViewController.swift; sourceTree = "<group>"; };
		BBC1370222F38B8F0004F6DC /* SearchViewController+SearchBar.swift */ = {isa = PBXFileReference; lastKnownFileType = sourcecode.swift; path = "SearchViewController+SearchBar.swift"; sourceTree = "<group>"; };
		BBC1370422F38BA10004F6DC /* SearchViewController+TableView.swift */ = {isa = PBXFileReference; lastKnownFileType = sourcecode.swift; path = "SearchViewController+TableView.swift"; sourceTree = "<group>"; };
		BBC1370622F3A1CF0004F6DC /* SearchCell.swift */ = {isa = PBXFileReference; lastKnownFileType = sourcecode.swift; path = SearchCell.swift; sourceTree = "<group>"; };
		BBC1370722F3A1CF0004F6DC /* SearchCell.xib */ = {isa = PBXFileReference; lastKnownFileType = file.xib; path = SearchCell.xib; sourceTree = "<group>"; };
		BBC1370A22F3ABE40004F6DC /* CharactersAPIs.swift */ = {isa = PBXFileReference; lastKnownFileType = sourcecode.swift; path = CharactersAPIs.swift; sourceTree = "<group>"; };
		BBEF434322F462BC006997C0 /* ActivityIndicator.swift */ = {isa = PBXFileReference; lastKnownFileType = sourcecode.swift; path = ActivityIndicator.swift; sourceTree = "<group>"; };
/* End PBXFileReference section */

/* Begin PBXFrameworksBuildPhase section */
		BB59223022F1BAB7007E6ADF /* Frameworks */ = {
			isa = PBXFrameworksBuildPhase;
			buildActionMask = 2147483647;
			files = (
			);
			runOnlyForDeploymentPostprocessing = 0;
		};
/* End PBXFrameworksBuildPhase section */

/* Begin PBXGroup section */
		BB59222A22F1BAB7007E6ADF = {
			isa = PBXGroup;
			children = (
				BB59223522F1BAB7007E6ADF /* MarvelHeroes */,
				BB59223422F1BAB7007E6ADF /* Products */,
			);
			sourceTree = "<group>";
		};
		BB59223422F1BAB7007E6ADF /* Products */ = {
			isa = PBXGroup;
			children = (
				BB59223322F1BAB7007E6ADF /* MarvelHeroes.app */,
			);
			name = Products;
			sourceTree = "<group>";
		};
		BB59223522F1BAB7007E6ADF /* MarvelHeroes */ = {
			isa = PBXGroup;
			children = (
				BBC136DD22F2E35A0004F6DC /* Model */,
				BBC136E322F2E47D0004F6DC /* Network */,
				BBC136E022F2E3A80004F6DC /* Storyboards */,
				BBC136DE22F2E3630004F6DC /* View */,
				BBC136DF22F2E36C0004F6DC /* Controller */,
				BBC136E122F2E3C20004F6DC /* Extensions */,
				BB59224222F1BAB9007E6ADF /* Info.plist */,
				BB59223622F1BAB7007E6ADF /* AppDelegate.swift */,
				BB59223D22F1BAB9007E6ADF /* Assets.xcassets */,
			);
			path = MarvelHeroes;
			sourceTree = "<group>";
		};
		BBC136DD22F2E35A0004F6DC /* Model */ = {
			isa = PBXGroup;
			children = (
				BBC136E422F2E6210004F6DC /* MarvelResponse.swift */,
				BBC136E622F2E65B0004F6DC /* DataResponse.swift */,
				BBC136EA22F2E6830004F6DC /* CharacterResponse.swift */,
				BBC136EC22F2E6C10004F6DC /* CharacterSourceResponse.swift */,
				BBC136EE22F2E6D00004F6DC /* Image.swift */,
			);
			path = Model;
			sourceTree = "<group>";
		};
		BBC136DE22F2E3630004F6DC /* View */ = {
			isa = PBXGroup;
			children = (
				BBC136F822F3768F0004F6DC /* CharacterCell.swift */,
				BBC136F922F3768F0004F6DC /* CharacterCell.xib */,
				BBC1370622F3A1CF0004F6DC /* SearchCell.swift */,
				BBC1370722F3A1CF0004F6DC /* SearchCell.xib */,
				BBEF434322F462BC006997C0 /* ActivityIndicator.swift */,
			);
			path = View;
			sourceTree = "<group>";
		};
		BBC136DF22F2E36C0004F6DC /* Controller */ = {
			isa = PBXGroup;
			children = (
				BBC136F622F374740004F6DC /* CharactersViewController.swift */,
				BBC1370022F380C90004F6DC /* SearchViewController.swift */,
				BBC136FE22F380AD0004F6DC /* CharacterDetailsViewController.swift */,
			);
			path = Controller;
			sourceTree = "<group>";
		};
		BBC136E022F2E3A80004F6DC /* Storyboards */ = {
			isa = PBXGroup;
			children = (
				BB59223A22F1BAB7007E6ADF /* Main.storyboard */,
				BB59223F22F1BAB9007E6ADF /* LaunchScreen.storyboard */,
			);
			path = Storyboards;
			sourceTree = "<group>";
		};
		BBC136E122F2E3C20004F6DC /* Extensions */ = {
			isa = PBXGroup;
			children = (
				BBC136FC22F379F70004F6DC /* CharactersViewController+TableView.swift */,
				BBC1370222F38B8F0004F6DC /* SearchViewController+SearchBar.swift */,
				BBC1370422F38BA10004F6DC /* SearchViewController+TableView.swift */,
			);
			path = Extensions;
			sourceTree = "<group>";
		};
		BBC136E322F2E47D0004F6DC /* Network */ = {
			isa = PBXGroup;
			children = (
				BBC136F222F3631C0004F6DC /* MarvelClient.swift */,
				BBC1370A22F3ABE40004F6DC /* CharactersAPIs.swift */,
			);
			path = Network;
			sourceTree = "<group>";
		};
/* End PBXGroup section */

/* Begin PBXNativeTarget section */
		BB59223222F1BAB7007E6ADF /* MarvelHeroes */ = {
			isa = PBXNativeTarget;
			buildConfigurationList = BB59224522F1BAB9007E6ADF /* Build configuration list for PBXNativeTarget "MarvelHeroes" */;
			buildPhases = (
				BB59222F22F1BAB7007E6ADF /* Sources */,
				BB59223022F1BAB7007E6ADF /* Frameworks */,
				BB59223122F1BAB7007E6ADF /* Resources */,
			);
			buildRules = (
			);
			dependencies = (
			);
			name = MarvelHeroes;
			productName = MarvelHeroes;
			productReference = BB59223322F1BAB7007E6ADF /* MarvelHeroes.app */;
			productType = "com.apple.product-type.application";
		};
/* End PBXNativeTarget section */

/* Begin PBXProject section */
		BB59222B22F1BAB7007E6ADF /* Project object */ = {
			isa = PBXProject;
			attributes = {
				LastSwiftUpdateCheck = 1030;
				LastUpgradeCheck = 1030;
				ORGANIZATIONNAME = "Abdallah Eid";
				TargetAttributes = {
					BB59223222F1BAB7007E6ADF = {
						CreatedOnToolsVersion = 10.3;
					};
				};
			};
			buildConfigurationList = BB59222E22F1BAB7007E6ADF /* Build configuration list for PBXProject "MarvelHeroes" */;
			compatibilityVersion = "Xcode 9.3";
			developmentRegion = en;
			hasScannedForEncodings = 0;
			knownRegions = (
				en,
				Base,
			);
			mainGroup = BB59222A22F1BAB7007E6ADF;
			productRefGroup = BB59223422F1BAB7007E6ADF /* Products */;
			projectDirPath = "";
			projectRoot = "";
			targets = (
				BB59223222F1BAB7007E6ADF /* MarvelHeroes */,
			);
		};
/* End PBXProject section */

/* Begin PBXResourcesBuildPhase section */
		BB59223122F1BAB7007E6ADF /* Resources */ = {
			isa = PBXResourcesBuildPhase;
			buildActionMask = 2147483647;
			files = (
				BBC1370922F3A1CF0004F6DC /* SearchCell.xib in Resources */,
				BB59224122F1BAB9007E6ADF /* LaunchScreen.storyboard in Resources */,
				BB59223E22F1BAB9007E6ADF /* Assets.xcassets in Resources */,
				BB59223C22F1BAB7007E6ADF /* Main.storyboard in Resources */,
				BBC136FB22F3768F0004F6DC /* CharacterCell.xib in Resources */,
			);
			runOnlyForDeploymentPostprocessing = 0;
		};
/* End PBXResourcesBuildPhase section */

/* Begin PBXSourcesBuildPhase section */
		BB59222F22F1BAB7007E6ADF /* Sources */ = {
			isa = PBXSourcesBuildPhase;
			buildActionMask = 2147483647;
			files = (
				BBC136EF22F2E6D00004F6DC /* Image.swift in Sources */,
				BBC1370822F3A1CF0004F6DC /* SearchCell.swift in Sources */,
				BB59223722F1BAB7007E6ADF /* AppDelegate.swift in Sources */,
				BBC136ED22F2E6C10004F6DC /* CharacterSourceResponse.swift in Sources */,
				BBC1370322F38B8F0004F6DC /* SearchViewController+SearchBar.swift in Sources */,
				BBC136FA22F3768F0004F6DC /* CharacterCell.swift in Sources */,
				BBC136FF22F380AD0004F6DC /* CharacterDetailsViewController.swift in Sources */,
				BBC136EB22F2E6830004F6DC /* CharacterResponse.swift in Sources */,
				BBC1370122F380C90004F6DC /* SearchViewController.swift in Sources */,
				BBC1370522F38BA10004F6DC /* SearchViewController+TableView.swift in Sources */,
				BBC136F722F374740004F6DC /* CharactersViewController.swift in Sources */,
				BBC136FD22F379F70004F6DC /* CharactersViewController+TableView.swift in Sources */,
				BBC1370B22F3ABE40004F6DC /* CharactersAPIs.swift in Sources */,
				BBC136E722F2E65B0004F6DC /* DataResponse.swift in Sources */,
				BBC136E522F2E6210004F6DC /* MarvelResponse.swift in Sources */,
				BBC136F322F3631C0004F6DC /* MarvelClient.swift in Sources */,
				BBEF434422F462BC006997C0 /* ActivityIndicator.swift in Sources */,
			);
			runOnlyForDeploymentPostprocessing = 0;
		};
/* End PBXSourcesBuildPhase section */

/* Begin PBXVariantGroup section */
		BB59223A22F1BAB7007E6ADF /* Main.storyboard */ = {
			isa = PBXVariantGroup;
			children = (
				BB59223B22F1BAB7007E6ADF /* Base */,
			);
			name = Main.storyboard;
			sourceTree = "<group>";
		};
		BB59223F22F1BAB9007E6ADF /* LaunchScreen.storyboard */ = {
			isa = PBXVariantGroup;
			children = (
				BB59224022F1BAB9007E6ADF /* Base */,
			);
			name = LaunchScreen.storyboard;
			sourceTree = "<group>";
		};
/* End PBXVariantGroup section */

/* Begin XCBuildConfiguration section */
		BB59224322F1BAB9007E6ADF /* Debug */ = {
			isa = XCBuildConfiguration;
			buildSettings = {
				ALWAYS_SEARCH_USER_PATHS = NO;
				CLANG_ANALYZER_NONNULL = YES;
				CLANG_ANALYZER_NUMBER_OBJECT_CONVERSION = YES_AGGRESSIVE;
				CLANG_CXX_LANGUAGE_STANDARD = "gnu++14";
				CLANG_CXX_LIBRARY = "libc++";
				CLANG_ENABLE_MODULES = YES;
				CLANG_ENABLE_OBJC_ARC = YES;
				CLANG_ENABLE_OBJC_WEAK = YES;
				CLANG_WARN_BLOCK_CAPTURE_AUTORELEASING = YES;
				CLANG_WARN_BOOL_CONVERSION = YES;
				CLANG_WARN_COMMA = YES;
				CLANG_WARN_CONSTANT_CONVERSION = YES;
				CLANG_WARN_DEPRECATED_OBJC_IMPLEMENTATIONS = YES;
				CLANG_WARN_DIRECT_OBJC_ISA_USAGE = YES_ERROR;
				CLANG_WARN_DOCUMENTATION_COMMENTS = YES;
				CLANG_WARN_EMPTY_BODY = YES;
				CLANG_WARN_ENUM_CONVERSION = YES;
				CLANG_WARN_INFINITE_RECURSION = YES;
				CLANG_WARN_INT_CONVERSION = YES;
				CLANG_WARN_NON_LITERAL_NULL_CONVERSION = YES;
				CLANG_WARN_OBJC_IMPLICIT_RETAIN_SELF = YES;
				CLANG_WARN_OBJC_LITERAL_CONVERSION = YES;
				CLANG_WARN_OBJC_ROOT_CLASS = YES_ERROR;
				CLANG_WARN_RANGE_LOOP_ANALYSIS = YES;
				CLANG_WARN_STRICT_PROTOTYPES = YES;
				CLANG_WARN_SUSPICIOUS_MOVE = YES;
				CLANG_WARN_UNGUARDED_AVAILABILITY = YES_AGGRESSIVE;
				CLANG_WARN_UNREACHABLE_CODE = YES;
				CLANG_WARN__DUPLICATE_METHOD_MATCH = YES;
				CODE_SIGN_IDENTITY = "iPhone Developer";
				COPY_PHASE_STRIP = NO;
				DEBUG_INFORMATION_FORMAT = dwarf;
				ENABLE_STRICT_OBJC_MSGSEND = YES;
				ENABLE_TESTABILITY = YES;
				GCC_C_LANGUAGE_STANDARD = gnu11;
				GCC_DYNAMIC_NO_PIC = NO;
				GCC_NO_COMMON_BLOCKS = YES;
				GCC_OPTIMIZATION_LEVEL = 0;
				GCC_PREPROCESSOR_DEFINITIONS = (
					"DEBUG=1",
					"$(inherited)",
				);
				GCC_WARN_64_TO_32_BIT_CONVERSION = YES;
				GCC_WARN_ABOUT_RETURN_TYPE = YES_ERROR;
				GCC_WARN_UNDECLARED_SELECTOR = YES;
				GCC_WARN_UNINITIALIZED_AUTOS = YES_AGGRESSIVE;
				GCC_WARN_UNUSED_FUNCTION = YES;
				GCC_WARN_UNUSED_VARIABLE = YES;
				IPHONEOS_DEPLOYMENT_TARGET = 12.4;
				MTL_ENABLE_DEBUG_INFO = INCLUDE_SOURCE;
				MTL_FAST_MATH = YES;
				ONLY_ACTIVE_ARCH = YES;
				SDKROOT = iphoneos;
				SWIFT_ACTIVE_COMPILATION_CONDITIONS = DEBUG;
				SWIFT_OPTIMIZATION_LEVEL = "-Onone";
			};
			name = Debug;
		};
		BB59224422F1BAB9007E6ADF /* Release */ = {
			isa = XCBuildConfiguration;
			buildSettings = {
				ALWAYS_SEARCH_USER_PATHS = NO;
				CLANG_ANALYZER_NONNULL = YES;
				CLANG_ANALYZER_NUMBER_OBJECT_CONVERSION = YES_AGGRESSIVE;
				CLANG_CXX_LANGUAGE_STANDARD = "gnu++14";
				CLANG_CXX_LIBRARY = "libc++";
				CLANG_ENABLE_MODULES = YES;
				CLANG_ENABLE_OBJC_ARC = YES;
				CLANG_ENABLE_OBJC_WEAK = YES;
				CLANG_WARN_BLOCK_CAPTURE_AUTORELEASING = YES;
				CLANG_WARN_BOOL_CONVERSION = YES;
				CLANG_WARN_COMMA = YES;
				CLANG_WARN_CONSTANT_CONVERSION = YES;
				CLANG_WARN_DEPRECATED_OBJC_IMPLEMENTATIONS = YES;
				CLANG_WARN_DIRECT_OBJC_ISA_USAGE = YES_ERROR;
				CLANG_WARN_DOCUMENTATION_COMMENTS = YES;
				CLANG_WARN_EMPTY_BODY = YES;
				CLANG_WARN_ENUM_CONVERSION = YES;
				CLANG_WARN_INFINITE_RECURSION = YES;
				CLANG_WARN_INT_CONVERSION = YES;
				CLANG_WARN_NON_LITERAL_NULL_CONVERSION = YES;
				CLANG_WARN_OBJC_IMPLICIT_RETAIN_SELF = YES;
				CLANG_WARN_OBJC_LITERAL_CONVERSION = YES;
				CLANG_WARN_OBJC_ROOT_CLASS = YES_ERROR;
				CLANG_WARN_RANGE_LOOP_ANALYSIS = YES;
				CLANG_WARN_STRICT_PROTOTYPES = YES;
				CLANG_WARN_SUSPICIOUS_MOVE = YES;
				CLANG_WARN_UNGUARDED_AVAILABILITY = YES_AGGRESSIVE;
				CLANG_WARN_UNREACHABLE_CODE = YES;
				CLANG_WARN__DUPLICATE_METHOD_MATCH = YES;
				CODE_SIGN_IDENTITY = "iPhone Developer";
				COPY_PHASE_STRIP = NO;
				DEBUG_INFORMATION_FORMAT = "dwarf-with-dsym";
				ENABLE_NS_ASSERTIONS = NO;
				ENABLE_STRICT_OBJC_MSGSEND = YES;
				GCC_C_LANGUAGE_STANDARD = gnu11;
				GCC_NO_COMMON_BLOCKS = YES;
				GCC_WARN_64_TO_32_BIT_CONVERSION = YES;
				GCC_WARN_ABOUT_RETURN_TYPE = YES_ERROR;
				GCC_WARN_UNDECLARED_SELECTOR = YES;
				GCC_WARN_UNINITIALIZED_AUTOS = YES_AGGRESSIVE;
				GCC_WARN_UNUSED_FUNCTION = YES;
				GCC_WARN_UNUSED_VARIABLE = YES;
				IPHONEOS_DEPLOYMENT_TARGET = 12.4;
				MTL_ENABLE_DEBUG_INFO = NO;
				MTL_FAST_MATH = YES;
				SDKROOT = iphoneos;
				SWIFT_COMPILATION_MODE = wholemodule;
				SWIFT_OPTIMIZATION_LEVEL = "-O";
				VALIDATE_PRODUCT = YES;
			};
			name = Release;
		};
		BB59224622F1BAB9007E6ADF /* Debug */ = {
			isa = XCBuildConfiguration;
			buildSettings = {
				ASSETCATALOG_COMPILER_APPICON_NAME = AppIcon;
				CODE_SIGN_STYLE = Automatic;
				DEVELOPMENT_TEAM = J8ZC4836EX;
				INFOPLIST_FILE = MarvelHeroes/Info.plist;
				LD_RUNPATH_SEARCH_PATHS = (
					"$(inherited)",
					"@executable_path/Frameworks",
				);
				PRODUCT_BUNDLE_IDENTIFIER = com.vezeeta.MarvelHeroes;
				PRODUCT_NAME = "$(TARGET_NAME)";
				SWIFT_VERSION = 5.0;
				TARGETED_DEVICE_FAMILY = "1,2";
			};
			name = Debug;
		};
		BB59224722F1BAB9007E6ADF /* Release */ = {
			isa = XCBuildConfiguration;
			buildSettings = {
				ASSETCATALOG_COMPILER_APPICON_NAME = AppIcon;
				CODE_SIGN_STYLE = Automatic;
				DEVELOPMENT_TEAM = J8ZC4836EX;
				INFOPLIST_FILE = MarvelHeroes/Info.plist;
				LD_RUNPATH_SEARCH_PATHS = (
					"$(inherited)",
					"@executable_path/Frameworks",
				);
				PRODUCT_BUNDLE_IDENTIFIER = com.vezeeta.MarvelHeroes;
				PRODUCT_NAME = "$(TARGET_NAME)";
				SWIFT_VERSION = 5.0;
				TARGETED_DEVICE_FAMILY = "1,2";
			};
			name = Release;
		};
/* End XCBuildConfiguration section */

/* Begin XCConfigurationList section */
		BB59222E22F1BAB7007E6ADF /* Build configuration list for PBXProject "MarvelHeroes" */ = {
			isa = XCConfigurationList;
			buildConfigurations = (
				BB59224322F1BAB9007E6ADF /* Debug */,
				BB59224422F1BAB9007E6ADF /* Release */,
			);
			defaultConfigurationIsVisible = 0;
			defaultConfigurationName = Release;
		};
		BB59224522F1BAB9007E6ADF /* Build configuration list for PBXNativeTarget "MarvelHeroes" */ = {
			isa = XCConfigurationList;
			buildConfigurations = (
				BB59224622F1BAB9007E6ADF /* Debug */,
				BB59224722F1BAB9007E6ADF /* Release */,
			);
			defaultConfigurationIsVisible = 0;
			defaultConfigurationName = Release;
		};
/* End XCConfigurationList section */
	};
	rootObject = BB59222B22F1BAB7007E6ADF /* Project object */;
}
